
Microsoft Visual Studio Solution File, Format Version 12.00
# Visual Studio Version 16
VisualStudioVersion = 16.0.29613.14
MinimumVisualStudioVersion = 10.0.40219.1
Project("{8BC9CEB8-8B4A-11D0-8D11-00A0C91BC942}") = "Exercices0901", "Exercices0901.vcxproj", "{D23FC7C3-F4BD-45AF-8863-E2BC6A34AC98}"
EndProject
Global
	GlobalSection(SolutionConfigurationPlatforms) = preSolution
		Debug|x64 = Debug|x64
		Debug|x86 = Debug|x86
		Release|x64 = Release|x64
		Release|x86 = Release|x86
	EndGlobalSection
	GlobalSection(ProjectConfigurationPlatforms) = postSolution
		{D23FC7C3-F4BD-45AF-8863-E2BC6A34AC98}.Debug|x64.ActiveCfg = Debug|x64
		{D23FC7C3-F4BD-45AF-8863-E2BC6A34AC98}.Debug|x64.Build.0 = Debug|x64
		{D23FC7C3-F4BD-45AF-8863-E2BC6A34AC98}.Debug|x86.ActiveCfg = Debug|Win32
		{D23FC7C3-F4BD-45AF-8863-E2BC6A34AC98}.Debug|x86.Build.0 = Debug|Win32
		{D23FC7C3-F4BD-45AF-8863-E2BC6A34AC98}.Release|x64.ActiveCfg = Release|x64
		{D23FC7C3-F4BD-45AF-8863-E2BC6A34AC98}.Release|x64.Build.0 = Release|x64
		{D23FC7C3-F4BD-45AF-8863-E2BC6A34AC98}.Release|x86.ActiveCfg = Release|Win32
		{D23FC7C3-F4BD-45AF-8863-E2BC6A34AC98}.Release|x86.Build.0 = Release|Win32
	EndGlobalSection
	GlobalSection(SolutionProperties) = preSolution
		HideSolutionNode = FALSE
	EndGlobalSection
	GlobalSection(ExtensibilityGlobals) = postSolution
		SolutionGuid = {373C0D8D-24CE-4D8E-A13B-7DDFC8C98EFB}
	EndGlobalSection
EndGlobal
